// !$*UTF8*$!
{
	archiveVersion = 1;
	classes = {
	};
	objectVersion = 56;
	objects = {

/* Begin PBXBuildFile section */
		99E98AF461EFDB368BC2FC01 /* Pods_baltini_swift.framework in Frameworks */ = {isa = PBXBuildFile; fileRef = AAE09D392421D22EA3254E77 /* Pods_baltini_swift.framework */; };
		B824F9162B19C31C006FAFDF /* PriceFilterViewController.swift in Sources */ = {isa = PBXBuildFile; fileRef = B824F9152B19C31C006FAFDF /* PriceFilterViewController.swift */; };
		B860D6FF2B1DD71C00DC7AB5 /* SizeFilterViewController.swift in Sources */ = {isa = PBXBuildFile; fileRef = B860D6FE2B1DD71C00DC7AB5 /* SizeFilterViewController.swift */; };
		B869931D2B0C6D2B00FE9DA1 /* LearnMoreViewController.swift in Sources */ = {isa = PBXBuildFile; fileRef = B869931C2B0C6D2B00FE9DA1 /* LearnMoreViewController.swift */; };
		B869931F2B0C6D5B00FE9DA1 /* TermsConditionViewController.swift in Sources */ = {isa = PBXBuildFile; fileRef = B869931E2B0C6D5B00FE9DA1 /* TermsConditionViewController.swift */; };
		B86993212B0C71BF00FE9DA1 /* CheckoutViewController.swift in Sources */ = {isa = PBXBuildFile; fileRef = B86993202B0C71BF00FE9DA1 /* CheckoutViewController.swift */; };
		B86993232B0F216E00FE9DA1 /* CustomCheckoutComponent.swift in Sources */ = {isa = PBXBuildFile; fileRef = B86993222B0F216E00FE9DA1 /* CustomCheckoutComponent.swift */; };
		B86993252B10485200FE9DA1 /* ShippingViewController.swift in Sources */ = {isa = PBXBuildFile; fileRef = B86993242B10485200FE9DA1 /* ShippingViewController.swift */; };
		B86993272B14306200FE9DA1 /* PaymentViewController.swift in Sources */ = {isa = PBXBuildFile; fileRef = B86993262B14306200FE9DA1 /* PaymentViewController.swift */; };
		B86993292B16E07700FE9DA1 /* OrderDetailViewController.swift in Sources */ = {isa = PBXBuildFile; fileRef = B86993282B16E07700FE9DA1 /* OrderDetailViewController.swift */; };
		B869932B2B185D4D00FE9DA1 /* FilterViewController.swift in Sources */ = {isa = PBXBuildFile; fileRef = B869932A2B185D4D00FE9DA1 /* FilterViewController.swift */; };
		B869932D2B185F8300FE9DA1 /* SortViewController.swift in Sources */ = {isa = PBXBuildFile; fileRef = B869932C2B185F8300FE9DA1 /* SortViewController.swift */; };
		B869B7BD2AEE10C000ABB82D /* MyAddressViewController.swift in Sources */ = {isa = PBXBuildFile; fileRef = B869B7BC2AEE10C000ABB82D /* MyAddressViewController.swift */; };
		B869B7BF2AEE20D300ABB82D /* AddAddressViewController.swift in Sources */ = {isa = PBXBuildFile; fileRef = B869B7BE2AEE20D300ABB82D /* AddAddressViewController.swift */; };
		B8761CEF2B2947FF004245B7 /* AccessibilityViewController.swift in Sources */ = {isa = PBXBuildFile; fileRef = B8761CEE2B2947FF004245B7 /* AccessibilityViewController.swift */; };
		B8761CF12B2ABA17004245B7 /* OrderShippingViewController.swift in Sources */ = {isa = PBXBuildFile; fileRef = B8761CF02B2ABA17004245B7 /* OrderShippingViewController.swift */; };
		B8761CF32B2B0115004245B7 /* RequestReturnViewController.swift in Sources */ = {isa = PBXBuildFile; fileRef = B8761CF22B2B0115004245B7 /* RequestReturnViewController.swift */; };
		B879EFAF2AE64FF60009C607 /* AppDelegate.swift in Sources */ = {isa = PBXBuildFile; fileRef = B879EFAE2AE64FF60009C607 /* AppDelegate.swift */; };
		B879EFB12AE64FF60009C607 /* SceneDelegate.swift in Sources */ = {isa = PBXBuildFile; fileRef = B879EFB02AE64FF60009C607 /* SceneDelegate.swift */; };
		B879EFB32AE64FF60009C607 /* HomeViewController.swift in Sources */ = {isa = PBXBuildFile; fileRef = B879EFB22AE64FF60009C607 /* HomeViewController.swift */; };
		B879EFB62AE64FF60009C607 /* Main.storyboard in Resources */ = {isa = PBXBuildFile; fileRef = B879EFB42AE64FF60009C607 /* Main.storyboard */; };
		B879EFB92AE64FF60009C607 /* baltini_swift.xcdatamodeld in Sources */ = {isa = PBXBuildFile; fileRef = B879EFB72AE64FF60009C607 /* baltini_swift.xcdatamodeld */; };
		B879EFBB2AE64FF80009C607 /* Assets.xcassets in Resources */ = {isa = PBXBuildFile; fileRef = B879EFBA2AE64FF80009C607 /* Assets.xcassets */; };
		B879EFBE2AE64FF80009C607 /* LaunchScreen.storyboard in Resources */ = {isa = PBXBuildFile; fileRef = B879EFBC2AE64FF80009C607 /* LaunchScreen.storyboard */; };
		B879EFD22AE6C49B0009C607 /* StaticProductDataModel.swift in Sources */ = {isa = PBXBuildFile; fileRef = B879EFD12AE6C49B0009C607 /* StaticProductDataModel.swift */; };
		B879EFD42AE7CCC50009C607 /* TabbarViewController.swift in Sources */ = {isa = PBXBuildFile; fileRef = B879EFD32AE7CCC50009C607 /* TabbarViewController.swift */; };
		B879EFD62AE8C5BF0009C607 /* CategoryViewController.swift in Sources */ = {isa = PBXBuildFile; fileRef = B879EFD52AE8C5BF0009C607 /* CategoryViewController.swift */; };
		B879EFD82AE8C6490009C607 /* OrderViewController.swift in Sources */ = {isa = PBXBuildFile; fileRef = B879EFD72AE8C6490009C607 /* OrderViewController.swift */; };
		B879EFDA2AE8C6550009C607 /* AccountViewController.swift in Sources */ = {isa = PBXBuildFile; fileRef = B879EFD92AE8C6550009C607 /* AccountViewController.swift */; };
		B879EFDC2AE924470009C607 /* CommonStore.swift in Sources */ = {isa = PBXBuildFile; fileRef = B879EFDB2AE924470009C607 /* CommonStore.swift */; };
		B8BD63882B0B0C58002E62BD /* SearchViewController.swift in Sources */ = {isa = PBXBuildFile; fileRef = B8BD63872B0B0C58002E62BD /* SearchViewController.swift */; };
		B8BD638C2B0B68FD002E62BD /* SearchResultViewController.swift in Sources */ = {isa = PBXBuildFile; fileRef = B8BD638B2B0B68FD002E62BD /* SearchResultViewController.swift */; };
		B8CB5DF62AEF494300E9558C /* CustomDisplay.swift in Sources */ = {isa = PBXBuildFile; fileRef = B8CB5DF52AEF494300E9558C /* CustomDisplay.swift */; };
		B8CB5DF82AEFB3D900E9558C /* EditAddressViewController.swift in Sources */ = {isa = PBXBuildFile; fileRef = B8CB5DF72AEFB3D900E9558C /* EditAddressViewController.swift */; };
		B8CB5DFB2AEFB40100E9558C /* AddressArgs.swift in Sources */ = {isa = PBXBuildFile; fileRef = B8CB5DFA2AEFB40100E9558C /* AddressArgs.swift */; };
		B8CB5DFD2AF0A6A800E9558C /* MyProfileViewController.swift in Sources */ = {isa = PBXBuildFile; fileRef = B8CB5DFC2AF0A6A800E9558C /* MyProfileViewController.swift */; };
		B8CB5DFF2AF0CFE400E9558C /* ChangePasswordViewController.swift in Sources */ = {isa = PBXBuildFile; fileRef = B8CB5DFE2AF0CFE400E9558C /* ChangePasswordViewController.swift */; };
		B8CB5E012AF1FB3700E9558C /* ProductListViewController.swift in Sources */ = {isa = PBXBuildFile; fileRef = B8CB5E002AF1FB3700E9558C /* ProductListViewController.swift */; };
		B8CB5E032AF2117B00E9558C /* Constants.swift in Sources */ = {isa = PBXBuildFile; fileRef = B8CB5E022AF2117B00E9558C /* Constants.swift */; };
		B8CB5E052AF25B0700E9558C /* CustomCard.swift in Sources */ = {isa = PBXBuildFile; fileRef = B8CB5E042AF25B0700E9558C /* CustomCard.swift */; };
		B8CB5E082AF3410200E9558C /* ImageExtenstion.swift in Sources */ = {isa = PBXBuildFile; fileRef = B8CB5E072AF3410200E9558C /* ImageExtenstion.swift */; };
		B8CB5E0C2AF4025500E9558C /* CustomBanner.swift in Sources */ = {isa = PBXBuildFile; fileRef = B8CB5E0B2AF4025500E9558C /* CustomBanner.swift */; };
		B8CB5E0E2AF4FA6C00E9558C /* CustomBottomSheet.swift in Sources */ = {isa = PBXBuildFile; fileRef = B8CB5E0D2AF4FA6C00E9558C /* CustomBottomSheet.swift */; };
		B8CB5E122AF9CE6A00E9558C /* ProductDetailViewController.swift in Sources */ = {isa = PBXBuildFile; fileRef = B8CB5E112AF9CE6A00E9558C /* ProductDetailViewController.swift */; };
		B8CB5E142AF9DF5800E9558C /* TappedArgs.swift in Sources */ = {isa = PBXBuildFile; fileRef = B8CB5E132AF9DF5800E9558C /* TappedArgs.swift */; };
		B8CB5E162AFA2ACC00E9558C /* StringExtension.swift in Sources */ = {isa = PBXBuildFile; fileRef = B8CB5E152AFA2ACC00E9558C /* StringExtension.swift */; };
		B8CB5E182AFA44B300E9558C /* CustomCell.swift in Sources */ = {isa = PBXBuildFile; fileRef = B8CB5E172AFA44B300E9558C /* CustomCell.swift */; };
		B8CB5E1C2AFC730F00E9558C /* SizeChartViewController.swift in Sources */ = {isa = PBXBuildFile; fileRef = B8CB5E1B2AFC730F00E9558C /* SizeChartViewController.swift */; };
		B8CB5E1E2AFC9AAE00E9558C /* LabelExtension.swift in Sources */ = {isa = PBXBuildFile; fileRef = B8CB5E1D2AFC9AAE00E9558C /* LabelExtension.swift */; };
		B8CB5E202AFDF24900E9558C /* CustomSeparator.swift in Sources */ = {isa = PBXBuildFile; fileRef = B8CB5E1F2AFDF24900E9558C /* CustomSeparator.swift */; };
		B8CB5E222AFE006B00E9558C /* ShippingReturnViewController.swift in Sources */ = {isa = PBXBuildFile; fileRef = B8CB5E212AFE006B00E9558C /* ShippingReturnViewController.swift */; };
		B8CB5E242AFE008300E9558C /* AuthenticityViewController.swift in Sources */ = {isa = PBXBuildFile; fileRef = B8CB5E232AFE008300E9558C /* AuthenticityViewController.swift */; };
		B8CB5E262AFE009400E9558C /* AskQuestionViewController.swift in Sources */ = {isa = PBXBuildFile; fileRef = B8CB5E252AFE009400E9558C /* AskQuestionViewController.swift */; };
		B8CB5E282AFE142300E9558C /* CartModel.swift in Sources */ = {isa = PBXBuildFile; fileRef = B8CB5E272AFE142300E9558C /* CartModel.swift */; };
		B8CB5E2A2AFFA33400E9558C /* CartViewController.swift in Sources */ = {isa = PBXBuildFile; fileRef = B8CB5E292AFFA33400E9558C /* CartViewController.swift */; };
		B8CB5E2C2B00D08800E9558C /* WomanCategoryViewController.swift in Sources */ = {isa = PBXBuildFile; fileRef = B8CB5E2B2B00D08800E9558C /* WomanCategoryViewController.swift */; };
		B8CB5E2E2B01BC2900E9558C /* ManCategoryViewController.swift in Sources */ = {isa = PBXBuildFile; fileRef = B8CB5E2D2B01BC2800E9558C /* ManCategoryViewController.swift */; };
		B8CB5E302B02207A00E9558C /* ClothingCategoryViewController.swift in Sources */ = {isa = PBXBuildFile; fileRef = B8CB5E2F2B02207A00E9558C /* ClothingCategoryViewController.swift */; };
		B8CB5E322B022A3800E9558C /* ShoesCategoryViewController.swift in Sources */ = {isa = PBXBuildFile; fileRef = B8CB5E312B022A3800E9558C /* ShoesCategoryViewController.swift */; };
		B8CB5E362B022A5E00E9558C /* BagsCategoryViewController.swift in Sources */ = {isa = PBXBuildFile; fileRef = B8CB5E352B022A5E00E9558C /* BagsCategoryViewController.swift */; };
		B8CB5E382B022A7800E9558C /* AccessoriesCategoryViewController.swift in Sources */ = {isa = PBXBuildFile; fileRef = B8CB5E372B022A7800E9558C /* AccessoriesCategoryViewController.swift */; };
		B8CB5E3A2B030BCD00E9558C /* DesignerViewController.swift in Sources */ = {isa = PBXBuildFile; fileRef = B8CB5E392B030BCD00E9558C /* DesignerViewController.swift */; };
		B8CDF1B92B209AE0008795DF /* ProductTypeFilterViewController.swift in Sources */ = {isa = PBXBuildFile; fileRef = B8CDF1B82B209ADF008795DF /* ProductTypeFilterViewController.swift */; };
		B8CDF1BB2B21C249008795DF /* DesignerFilterViewController.swift in Sources */ = {isa = PBXBuildFile; fileRef = B8CDF1BA2B21C249008795DF /* DesignerFilterViewController.swift */; };
		B8CDF1BD2B23039F008795DF /* MagazineDetailViewController.swift in Sources */ = {isa = PBXBuildFile; fileRef = B8CDF1BC2B23039F008795DF /* MagazineDetailViewController.swift */; };
		B8CDF1BF2B26C18A008795DF /* AboutBaltiniViewController.swift in Sources */ = {isa = PBXBuildFile; fileRef = B8CDF1BE2B26C18A008795DF /* AboutBaltiniViewController.swift */; };
		B8CDF1C12B26D117008795DF /* PartnershipViewController.swift in Sources */ = {isa = PBXBuildFile; fileRef = B8CDF1C02B26D117008795DF /* PartnershipViewController.swift */; };
		B8CDF1C32B27091D008795DF /* HelpsViewController.swift in Sources */ = {isa = PBXBuildFile; fileRef = B8CDF1C22B27091D008795DF /* HelpsViewController.swift */; };
		B8CDF1C52B28316F008795DF /* ContactUsViewController.swift in Sources */ = {isa = PBXBuildFile; fileRef = B8CDF1C42B28316F008795DF /* ContactUsViewController.swift */; };
		B8D3AB962AEA2DA00026832F /* LoginViewController.swift in Sources */ = {isa = PBXBuildFile; fileRef = B8D3AB952AEA2DA00026832F /* LoginViewController.swift */; };
		B8D3AB9C2AEA4D080026832F /* BackButton.swift in Sources */ = {isa = PBXBuildFile; fileRef = B8D3AB9B2AEA4D080026832F /* BackButton.swift */; };
		B8D3AB9E2AEA75870026832F /* CustomTextfield.swift in Sources */ = {isa = PBXBuildFile; fileRef = B8D3AB9D2AEA75870026832F /* CustomTextfield.swift */; };
		B8D3ABA12AEB5ED50026832F /* CustomButton.swift in Sources */ = {isa = PBXBuildFile; fileRef = B8D3ABA02AEB5ED50026832F /* CustomButton.swift */; };
		B8D3ABA52AEB77DB0026832F /* ForgotPasswordViewController.swift in Sources */ = {isa = PBXBuildFile; fileRef = B8D3ABA42AEB77DB0026832F /* ForgotPasswordViewController.swift */; };
		B8D3ABA72AEB80130026832F /* RegisterViewController.swift in Sources */ = {isa = PBXBuildFile; fileRef = B8D3ABA62AEB80120026832F /* RegisterViewController.swift */; };
		B8D3ABAB2AEBBD010026832F /* CustomToast.swift in Sources */ = {isa = PBXBuildFile; fileRef = B8D3ABAA2AEBBD010026832F /* CustomToast.swift */; };
		B8D3ABAE2AEBC7B50026832F /* CustomPopup.swift in Sources */ = {isa = PBXBuildFile; fileRef = B8D3ABAD2AEBC7B50026832F /* CustomPopup.swift */; };
/* End PBXBuildFile section */

/* Begin PBXFileReference section */
		AAE09D392421D22EA3254E77 /* Pods_baltini_swift.framework */ = {isa = PBXFileReference; explicitFileType = wrapper.framework; includeInIndex = 0; path = Pods_baltini_swift.framework; sourceTree = BUILT_PRODUCTS_DIR; };
		B824F9152B19C31C006FAFDF /* PriceFilterViewController.swift */ = {isa = PBXFileReference; lastKnownFileType = sourcecode.swift; path = PriceFilterViewController.swift; sourceTree = "<group>"; };
		B860D6FE2B1DD71C00DC7AB5 /* SizeFilterViewController.swift */ = {isa = PBXFileReference; lastKnownFileType = sourcecode.swift; path = SizeFilterViewController.swift; sourceTree = "<group>"; };
		B869931C2B0C6D2B00FE9DA1 /* LearnMoreViewController.swift */ = {isa = PBXFileReference; lastKnownFileType = sourcecode.swift; path = LearnMoreViewController.swift; sourceTree = "<group>"; };
		B869931E2B0C6D5B00FE9DA1 /* TermsConditionViewController.swift */ = {isa = PBXFileReference; lastKnownFileType = sourcecode.swift; path = TermsConditionViewController.swift; sourceTree = "<group>"; };
		B86993202B0C71BF00FE9DA1 /* CheckoutViewController.swift */ = {isa = PBXFileReference; lastKnownFileType = sourcecode.swift; path = CheckoutViewController.swift; sourceTree = "<group>"; };
		B86993222B0F216E00FE9DA1 /* CustomCheckoutComponent.swift */ = {isa = PBXFileReference; lastKnownFileType = sourcecode.swift; path = CustomCheckoutComponent.swift; sourceTree = "<group>"; };
		B86993242B10485200FE9DA1 /* ShippingViewController.swift */ = {isa = PBXFileReference; lastKnownFileType = sourcecode.swift; path = ShippingViewController.swift; sourceTree = "<group>"; };
		B86993262B14306200FE9DA1 /* PaymentViewController.swift */ = {isa = PBXFileReference; lastKnownFileType = sourcecode.swift; path = PaymentViewController.swift; sourceTree = "<group>"; };
		B86993282B16E07700FE9DA1 /* OrderDetailViewController.swift */ = {isa = PBXFileReference; lastKnownFileType = sourcecode.swift; path = OrderDetailViewController.swift; sourceTree = "<group>"; };
		B869932A2B185D4D00FE9DA1 /* FilterViewController.swift */ = {isa = PBXFileReference; lastKnownFileType = sourcecode.swift; path = FilterViewController.swift; sourceTree = "<group>"; };
		B869932C2B185F8300FE9DA1 /* SortViewController.swift */ = {isa = PBXFileReference; lastKnownFileType = sourcecode.swift; path = SortViewController.swift; sourceTree = "<group>"; };
		B869B7BC2AEE10C000ABB82D /* MyAddressViewController.swift */ = {isa = PBXFileReference; lastKnownFileType = sourcecode.swift; path = MyAddressViewController.swift; sourceTree = "<group>"; };
		B869B7BE2AEE20D300ABB82D /* AddAddressViewController.swift */ = {isa = PBXFileReference; lastKnownFileType = sourcecode.swift; path = AddAddressViewController.swift; sourceTree = "<group>"; };
		B8761CEE2B2947FF004245B7 /* AccessibilityViewController.swift */ = {isa = PBXFileReference; lastKnownFileType = sourcecode.swift; path = AccessibilityViewController.swift; sourceTree = "<group>"; };
		B8761CF02B2ABA17004245B7 /* OrderShippingViewController.swift */ = {isa = PBXFileReference; lastKnownFileType = sourcecode.swift; path = OrderShippingViewController.swift; sourceTree = "<group>"; };
		B8761CF22B2B0115004245B7 /* RequestReturnViewController.swift */ = {isa = PBXFileReference; lastKnownFileType = sourcecode.swift; path = RequestReturnViewController.swift; sourceTree = "<group>"; };
		B879EFAB2AE64FF60009C607 /* baltini-swift.app */ = {isa = PBXFileReference; explicitFileType = wrapper.application; includeInIndex = 0; path = "baltini-swift.app"; sourceTree = BUILT_PRODUCTS_DIR; };
		B879EFAE2AE64FF60009C607 /* AppDelegate.swift */ = {isa = PBXFileReference; lastKnownFileType = sourcecode.swift; path = AppDelegate.swift; sourceTree = "<group>"; };
		B879EFB02AE64FF60009C607 /* SceneDelegate.swift */ = {isa = PBXFileReference; lastKnownFileType = sourcecode.swift; path = SceneDelegate.swift; sourceTree = "<group>"; };
		B879EFB22AE64FF60009C607 /* HomeViewController.swift */ = {isa = PBXFileReference; lastKnownFileType = sourcecode.swift; path = HomeViewController.swift; sourceTree = "<group>"; };
		B879EFB52AE64FF60009C607 /* Base */ = {isa = PBXFileReference; lastKnownFileType = file.storyboard; name = Base; path = Base.lproj/Main.storyboard; sourceTree = "<group>"; };
		B879EFB82AE64FF60009C607 /* baltini_swift.xcdatamodel */ = {isa = PBXFileReference; lastKnownFileType = wrapper.xcdatamodel; path = baltini_swift.xcdatamodel; sourceTree = "<group>"; };
		B879EFBA2AE64FF80009C607 /* Assets.xcassets */ = {isa = PBXFileReference; lastKnownFileType = folder.assetcatalog; path = Assets.xcassets; sourceTree = "<group>"; };
		B879EFBD2AE64FF80009C607 /* Base */ = {isa = PBXFileReference; lastKnownFileType = file.storyboard; name = Base; path = Base.lproj/LaunchScreen.storyboard; sourceTree = "<group>"; };
		B879EFBF2AE64FF80009C607 /* Info.plist */ = {isa = PBXFileReference; lastKnownFileType = text.plist.xml; path = Info.plist; sourceTree = "<group>"; };
		B879EFD12AE6C49B0009C607 /* StaticProductDataModel.swift */ = {isa = PBXFileReference; lastKnownFileType = sourcecode.swift; path = StaticProductDataModel.swift; sourceTree = "<group>"; };
		B879EFD32AE7CCC50009C607 /* TabbarViewController.swift */ = {isa = PBXFileReference; lastKnownFileType = sourcecode.swift; path = TabbarViewController.swift; sourceTree = "<group>"; };
		B879EFD52AE8C5BF0009C607 /* CategoryViewController.swift */ = {isa = PBXFileReference; lastKnownFileType = sourcecode.swift; path = CategoryViewController.swift; sourceTree = "<group>"; };
		B879EFD72AE8C6490009C607 /* OrderViewController.swift */ = {isa = PBXFileReference; lastKnownFileType = sourcecode.swift; path = OrderViewController.swift; sourceTree = "<group>"; };
		B879EFD92AE8C6550009C607 /* AccountViewController.swift */ = {isa = PBXFileReference; lastKnownFileType = sourcecode.swift; path = AccountViewController.swift; sourceTree = "<group>"; };
		B879EFDB2AE924470009C607 /* CommonStore.swift */ = {isa = PBXFileReference; lastKnownFileType = sourcecode.swift; path = CommonStore.swift; sourceTree = "<group>"; };
		B8BD63872B0B0C58002E62BD /* SearchViewController.swift */ = {isa = PBXFileReference; lastKnownFileType = sourcecode.swift; path = SearchViewController.swift; sourceTree = "<group>"; };
		B8BD638B2B0B68FD002E62BD /* SearchResultViewController.swift */ = {isa = PBXFileReference; lastKnownFileType = sourcecode.swift; path = SearchResultViewController.swift; sourceTree = "<group>"; };
		B8CB5DF52AEF494300E9558C /* CustomDisplay.swift */ = {isa = PBXFileReference; lastKnownFileType = sourcecode.swift; path = CustomDisplay.swift; sourceTree = "<group>"; };
		B8CB5DF72AEFB3D900E9558C /* EditAddressViewController.swift */ = {isa = PBXFileReference; lastKnownFileType = sourcecode.swift; path = EditAddressViewController.swift; sourceTree = "<group>"; };
		B8CB5DFA2AEFB40100E9558C /* AddressArgs.swift */ = {isa = PBXFileReference; lastKnownFileType = sourcecode.swift; path = AddressArgs.swift; sourceTree = "<group>"; };
		B8CB5DFC2AF0A6A800E9558C /* MyProfileViewController.swift */ = {isa = PBXFileReference; lastKnownFileType = sourcecode.swift; path = MyProfileViewController.swift; sourceTree = "<group>"; };
		B8CB5DFE2AF0CFE400E9558C /* ChangePasswordViewController.swift */ = {isa = PBXFileReference; lastKnownFileType = sourcecode.swift; path = ChangePasswordViewController.swift; sourceTree = "<group>"; };
		B8CB5E002AF1FB3700E9558C /* ProductListViewController.swift */ = {isa = PBXFileReference; lastKnownFileType = sourcecode.swift; path = ProductListViewController.swift; sourceTree = "<group>"; };
		B8CB5E022AF2117B00E9558C /* Constants.swift */ = {isa = PBXFileReference; lastKnownFileType = sourcecode.swift; path = Constants.swift; sourceTree = "<group>"; };
		B8CB5E042AF25B0700E9558C /* CustomCard.swift */ = {isa = PBXFileReference; lastKnownFileType = sourcecode.swift; path = CustomCard.swift; sourceTree = "<group>"; };
		B8CB5E072AF3410200E9558C /* ImageExtenstion.swift */ = {isa = PBXFileReference; lastKnownFileType = sourcecode.swift; path = ImageExtenstion.swift; sourceTree = "<group>"; };
		B8CB5E0B2AF4025500E9558C /* CustomBanner.swift */ = {isa = PBXFileReference; lastKnownFileType = sourcecode.swift; path = CustomBanner.swift; sourceTree = "<group>"; };
		B8CB5E0D2AF4FA6C00E9558C /* CustomBottomSheet.swift */ = {isa = PBXFileReference; lastKnownFileType = sourcecode.swift; path = CustomBottomSheet.swift; sourceTree = "<group>"; };
		B8CB5E112AF9CE6A00E9558C /* ProductDetailViewController.swift */ = {isa = PBXFileReference; lastKnownFileType = sourcecode.swift; path = ProductDetailViewController.swift; sourceTree = "<group>"; };
		B8CB5E132AF9DF5800E9558C /* TappedArgs.swift */ = {isa = PBXFileReference; lastKnownFileType = sourcecode.swift; path = TappedArgs.swift; sourceTree = "<group>"; };
		B8CB5E152AFA2ACC00E9558C /* StringExtension.swift */ = {isa = PBXFileReference; lastKnownFileType = sourcecode.swift; path = StringExtension.swift; sourceTree = "<group>"; };
		B8CB5E172AFA44B300E9558C /* CustomCell.swift */ = {isa = PBXFileReference; lastKnownFileType = sourcecode.swift; path = CustomCell.swift; sourceTree = "<group>"; };
		B8CB5E1B2AFC730F00E9558C /* SizeChartViewController.swift */ = {isa = PBXFileReference; lastKnownFileType = sourcecode.swift; path = SizeChartViewController.swift; sourceTree = "<group>"; };
		B8CB5E1D2AFC9AAE00E9558C /* LabelExtension.swift */ = {isa = PBXFileReference; lastKnownFileType = sourcecode.swift; path = LabelExtension.swift; sourceTree = "<group>"; };
		B8CB5E1F2AFDF24900E9558C /* CustomSeparator.swift */ = {isa = PBXFileReference; lastKnownFileType = sourcecode.swift; path = CustomSeparator.swift; sourceTree = "<group>"; };
		B8CB5E212AFE006B00E9558C /* ShippingReturnViewController.swift */ = {isa = PBXFileReference; lastKnownFileType = sourcecode.swift; path = ShippingReturnViewController.swift; sourceTree = "<group>"; };
		B8CB5E232AFE008300E9558C /* AuthenticityViewController.swift */ = {isa = PBXFileReference; lastKnownFileType = sourcecode.swift; path = AuthenticityViewController.swift; sourceTree = "<group>"; };
		B8CB5E252AFE009400E9558C /* AskQuestionViewController.swift */ = {isa = PBXFileReference; lastKnownFileType = sourcecode.swift; path = AskQuestionViewController.swift; sourceTree = "<group>"; };
		B8CB5E272AFE142300E9558C /* CartModel.swift */ = {isa = PBXFileReference; lastKnownFileType = sourcecode.swift; path = CartModel.swift; sourceTree = "<group>"; };
		B8CB5E292AFFA33400E9558C /* CartViewController.swift */ = {isa = PBXFileReference; lastKnownFileType = sourcecode.swift; path = CartViewController.swift; sourceTree = "<group>"; };
		B8CB5E2B2B00D08800E9558C /* WomanCategoryViewController.swift */ = {isa = PBXFileReference; lastKnownFileType = sourcecode.swift; path = WomanCategoryViewController.swift; sourceTree = "<group>"; };
		B8CB5E2D2B01BC2800E9558C /* ManCategoryViewController.swift */ = {isa = PBXFileReference; lastKnownFileType = sourcecode.swift; path = ManCategoryViewController.swift; sourceTree = "<group>"; };
		B8CB5E2F2B02207A00E9558C /* ClothingCategoryViewController.swift */ = {isa = PBXFileReference; lastKnownFileType = sourcecode.swift; path = ClothingCategoryViewController.swift; sourceTree = "<group>"; };
		B8CB5E312B022A3800E9558C /* ShoesCategoryViewController.swift */ = {isa = PBXFileReference; lastKnownFileType = sourcecode.swift; path = ShoesCategoryViewController.swift; sourceTree = "<group>"; };
		B8CB5E352B022A5E00E9558C /* BagsCategoryViewController.swift */ = {isa = PBXFileReference; lastKnownFileType = sourcecode.swift; path = BagsCategoryViewController.swift; sourceTree = "<group>"; };
		B8CB5E372B022A7800E9558C /* AccessoriesCategoryViewController.swift */ = {isa = PBXFileReference; lastKnownFileType = sourcecode.swift; path = AccessoriesCategoryViewController.swift; sourceTree = "<group>"; };
		B8CB5E392B030BCD00E9558C /* DesignerViewController.swift */ = {isa = PBXFileReference; lastKnownFileType = sourcecode.swift; path = DesignerViewController.swift; sourceTree = "<group>"; };
		B8CDF1B82B209ADF008795DF /* ProductTypeFilterViewController.swift */ = {isa = PBXFileReference; lastKnownFileType = sourcecode.swift; path = ProductTypeFilterViewController.swift; sourceTree = "<group>"; };
		B8CDF1BA2B21C249008795DF /* DesignerFilterViewController.swift */ = {isa = PBXFileReference; lastKnownFileType = sourcecode.swift; path = DesignerFilterViewController.swift; sourceTree = "<group>"; };
		B8CDF1BC2B23039F008795DF /* MagazineDetailViewController.swift */ = {isa = PBXFileReference; lastKnownFileType = sourcecode.swift; path = MagazineDetailViewController.swift; sourceTree = "<group>"; };
		B8CDF1BE2B26C18A008795DF /* AboutBaltiniViewController.swift */ = {isa = PBXFileReference; lastKnownFileType = sourcecode.swift; path = AboutBaltiniViewController.swift; sourceTree = "<group>"; };
		B8CDF1C02B26D117008795DF /* PartnershipViewController.swift */ = {isa = PBXFileReference; lastKnownFileType = sourcecode.swift; path = PartnershipViewController.swift; sourceTree = "<group>"; };
		B8CDF1C22B27091D008795DF /* HelpsViewController.swift */ = {isa = PBXFileReference; lastKnownFileType = sourcecode.swift; path = HelpsViewController.swift; sourceTree = "<group>"; };
		B8CDF1C42B28316F008795DF /* ContactUsViewController.swift */ = {isa = PBXFileReference; lastKnownFileType = sourcecode.swift; path = ContactUsViewController.swift; sourceTree = "<group>"; };
		B8D3AB952AEA2DA00026832F /* LoginViewController.swift */ = {isa = PBXFileReference; lastKnownFileType = sourcecode.swift; path = LoginViewController.swift; sourceTree = "<group>"; };
		B8D3AB9B2AEA4D080026832F /* BackButton.swift */ = {isa = PBXFileReference; lastKnownFileType = sourcecode.swift; path = BackButton.swift; sourceTree = "<group>"; };
		B8D3AB9D2AEA75870026832F /* CustomTextfield.swift */ = {isa = PBXFileReference; lastKnownFileType = sourcecode.swift; path = CustomTextfield.swift; sourceTree = "<group>"; };
		B8D3ABA02AEB5ED50026832F /* CustomButton.swift */ = {isa = PBXFileReference; lastKnownFileType = sourcecode.swift; path = CustomButton.swift; sourceTree = "<group>"; };
		B8D3ABA42AEB77DB0026832F /* ForgotPasswordViewController.swift */ = {isa = PBXFileReference; lastKnownFileType = sourcecode.swift; path = ForgotPasswordViewController.swift; sourceTree = "<group>"; };
		B8D3ABA62AEB80120026832F /* RegisterViewController.swift */ = {isa = PBXFileReference; lastKnownFileType = sourcecode.swift; path = RegisterViewController.swift; sourceTree = "<group>"; };
		B8D3ABAA2AEBBD010026832F /* CustomToast.swift */ = {isa = PBXFileReference; lastKnownFileType = sourcecode.swift; path = CustomToast.swift; sourceTree = "<group>"; };
		B8D3ABAD2AEBC7B50026832F /* CustomPopup.swift */ = {isa = PBXFileReference; lastKnownFileType = sourcecode.swift; path = CustomPopup.swift; sourceTree = "<group>"; };
		BDFCB6EED6A5F24659F30444 /* Pods-baltini-swift.release.xcconfig */ = {isa = PBXFileReference; includeInIndex = 1; lastKnownFileType = text.xcconfig; name = "Pods-baltini-swift.release.xcconfig"; path = "Target Support Files/Pods-baltini-swift/Pods-baltini-swift.release.xcconfig"; sourceTree = "<group>"; };
		FA17FE41525E97E9D16B6CA3 /* Pods-baltini-swift.debug.xcconfig */ = {isa = PBXFileReference; includeInIndex = 1; lastKnownFileType = text.xcconfig; name = "Pods-baltini-swift.debug.xcconfig"; path = "Target Support Files/Pods-baltini-swift/Pods-baltini-swift.debug.xcconfig"; sourceTree = "<group>"; };
/* End PBXFileReference section */

/* Begin PBXFrameworksBuildPhase section */
		B879EFA82AE64FF60009C607 /* Frameworks */ = {
			isa = PBXFrameworksBuildPhase;
			buildActionMask = 2147483647;
			files = (
				99E98AF461EFDB368BC2FC01 /* Pods_baltini_swift.framework in Frameworks */,
			);
			runOnlyForDeploymentPostprocessing = 0;
		};
/* End PBXFrameworksBuildPhase section */

/* Begin PBXGroup section */
		2A2F550C9255E43245A41454 /* Frameworks */ = {
			isa = PBXGroup;
			children = (
				AAE09D392421D22EA3254E77 /* Pods_baltini_swift.framework */,
			);
			name = Frameworks;
			sourceTree = "<group>";
		};
		6E063372CCD39D78B8676DD9 /* Pods */ = {
			isa = PBXGroup;
			children = (
				FA17FE41525E97E9D16B6CA3 /* Pods-baltini-swift.debug.xcconfig */,
				BDFCB6EED6A5F24659F30444 /* Pods-baltini-swift.release.xcconfig */,
			);
			path = Pods;
			sourceTree = "<group>";
		};
		B879EFA22AE64FF60009C607 = {
			isa = PBXGroup;
			children = (
				B879EFAD2AE64FF60009C607 /* baltini-swift */,
				B879EFAC2AE64FF60009C607 /* Products */,
				6E063372CCD39D78B8676DD9 /* Pods */,
				2A2F550C9255E43245A41454 /* Frameworks */,
			);
			sourceTree = "<group>";
		};
		B879EFAC2AE64FF60009C607 /* Products */ = {
			isa = PBXGroup;
			children = (
				B879EFAB2AE64FF60009C607 /* baltini-swift.app */,
			);
			name = Products;
			sourceTree = "<group>";
		};
		B879EFAD2AE64FF60009C607 /* baltini-swift */ = {
			isa = PBXGroup;
			children = (
				B879EFAE2AE64FF60009C607 /* AppDelegate.swift */,
				B879EFB02AE64FF60009C607 /* SceneDelegate.swift */,
				B879EFC52AE6500B0009C607 /* Models */,
				B879EFCE2AE6C4730009C607 /* Data */,
				B879EFC72AE650310009C607 /* Controllers */,
				B879EFC62AE6501D0009C607 /* Screens */,
				B879EFBA2AE64FF80009C607 /* Assets.xcassets */,
				B879EFBF2AE64FF80009C607 /* Info.plist */,
			);
			path = "baltini-swift";
			sourceTree = "<group>";
		};
		B879EFC52AE6500B0009C607 /* Models */ = {
			isa = PBXGroup;
			children = (
				B879EFB72AE64FF60009C607 /* baltini_swift.xcdatamodeld */,
				B879EFD12AE6C49B0009C607 /* StaticProductDataModel.swift */,
				B8CB5E272AFE142300E9558C /* CartModel.swift */,
			);
			path = Models;
			sourceTree = "<group>";
		};
		B879EFC62AE6501D0009C607 /* Screens */ = {
			isa = PBXGroup;
			children = (
				B879EFB42AE64FF60009C607 /* Main.storyboard */,
				B879EFBC2AE64FF80009C607 /* LaunchScreen.storyboard */,
			);
			path = Screens;
			sourceTree = "<group>";
		};
		B879EFC72AE650310009C607 /* Controllers */ = {
			isa = PBXGroup;
			children = (
				B8CB5E062AF340F200E9558C /* Extensions */,
				B8CB5DF92AEFB3F300E9558C /* Args */,
				B8D3AB9A2AEA4CFE0026832F /* Components */,
				B879EFD32AE7CCC50009C607 /* TabbarViewController.swift */,
				B879EFB22AE64FF60009C607 /* HomeViewController.swift */,
				B879EFD52AE8C5BF0009C607 /* CategoryViewController.swift */,
				B879EFD72AE8C6490009C607 /* OrderViewController.swift */,
				B879EFD92AE8C6550009C607 /* AccountViewController.swift */,
				B8D3AB952AEA2DA00026832F /* LoginViewController.swift */,
				B8D3ABA42AEB77DB0026832F /* ForgotPasswordViewController.swift */,
				B8D3ABA62AEB80120026832F /* RegisterViewController.swift */,
				B869B7BC2AEE10C000ABB82D /* MyAddressViewController.swift */,
				B869B7BE2AEE20D300ABB82D /* AddAddressViewController.swift */,
				B8CB5DF72AEFB3D900E9558C /* EditAddressViewController.swift */,
				B8CB5DFC2AF0A6A800E9558C /* MyProfileViewController.swift */,
				B8CB5DFE2AF0CFE400E9558C /* ChangePasswordViewController.swift */,
				B8CB5E002AF1FB3700E9558C /* ProductListViewController.swift */,
				B8CB5E112AF9CE6A00E9558C /* ProductDetailViewController.swift */,
				B8CB5E1B2AFC730F00E9558C /* SizeChartViewController.swift */,
				B8CB5E2B2B00D08800E9558C /* WomanCategoryViewController.swift */,
				B8CB5E2D2B01BC2800E9558C /* ManCategoryViewController.swift */,
				B8CB5E2F2B02207A00E9558C /* ClothingCategoryViewController.swift */,
				B8CB5E312B022A3800E9558C /* ShoesCategoryViewController.swift */,
				B8CB5E352B022A5E00E9558C /* BagsCategoryViewController.swift */,
				B8CB5E372B022A7800E9558C /* AccessoriesCategoryViewController.swift */,
				B8CB5E392B030BCD00E9558C /* DesignerViewController.swift */,
				B8BD63872B0B0C58002E62BD /* SearchViewController.swift */,
				B8BD638B2B0B68FD002E62BD /* SearchResultViewController.swift */,
				B8CB5E292AFFA33400E9558C /* CartViewController.swift */,
				B869931C2B0C6D2B00FE9DA1 /* LearnMoreViewController.swift */,
				B869931E2B0C6D5B00FE9DA1 /* TermsConditionViewController.swift */,
				B86993202B0C71BF00FE9DA1 /* CheckoutViewController.swift */,
				B86993242B10485200FE9DA1 /* ShippingViewController.swift */,
				B86993262B14306200FE9DA1 /* PaymentViewController.swift */,
				B86993282B16E07700FE9DA1 /* OrderDetailViewController.swift */,
				B869932A2B185D4D00FE9DA1 /* FilterViewController.swift */,
				B869932C2B185F8300FE9DA1 /* SortViewController.swift */,
				B824F9152B19C31C006FAFDF /* PriceFilterViewController.swift */,
				B860D6FE2B1DD71C00DC7AB5 /* SizeFilterViewController.swift */,
				B8CDF1B82B209ADF008795DF /* ProductTypeFilterViewController.swift */,
				B8CDF1BA2B21C249008795DF /* DesignerFilterViewController.swift */,
				B8CDF1BC2B23039F008795DF /* MagazineDetailViewController.swift */,
				B8CDF1BE2B26C18A008795DF /* AboutBaltiniViewController.swift */,
				B8CDF1C02B26D117008795DF /* PartnershipViewController.swift */,
				B8CB5E212AFE006B00E9558C /* ShippingReturnViewController.swift */,
				B8CB5E252AFE009400E9558C /* AskQuestionViewController.swift */,
				B8CDF1C22B27091D008795DF /* HelpsViewController.swift */,
				B8CDF1C42B28316F008795DF /* ContactUsViewController.swift */,
				B8761CEE2B2947FF004245B7 /* AccessibilityViewController.swift */,
				B8CB5E232AFE008300E9558C /* AuthenticityViewController.swift */,
				B8761CF02B2ABA17004245B7 /* OrderShippingViewController.swift */,
				B8761CF22B2B0115004245B7 /* RequestReturnViewController.swift */,
			);
			path = Controllers;
			sourceTree = "<group>";
		};
		B879EFCE2AE6C4730009C607 /* Data */ = {
			isa = PBXGroup;
			children = (
				B879EFDB2AE924470009C607 /* CommonStore.swift */,
				B8CB5E022AF2117B00E9558C /* Constants.swift */,
			);
			path = Data;
			sourceTree = "<group>";
		};
		B8CB5DF92AEFB3F300E9558C /* Args */ = {
			isa = PBXGroup;
			children = (
				B8CB5DFA2AEFB40100E9558C /* AddressArgs.swift */,
				B8CB5E132AF9DF5800E9558C /* TappedArgs.swift */,
			);
			path = Args;
			sourceTree = "<group>";
		};
		B8CB5E062AF340F200E9558C /* Extensions */ = {
			isa = PBXGroup;
			children = (
				B8CB5E072AF3410200E9558C /* ImageExtenstion.swift */,
				B8CB5E152AFA2ACC00E9558C /* StringExtension.swift */,
				B8CB5E1D2AFC9AAE00E9558C /* LabelExtension.swift */,
			);
			path = Extensions;
			sourceTree = "<group>";
		};
		B8D3AB9A2AEA4CFE0026832F /* Components */ = {
			isa = PBXGroup;
			children = (
				B8D3AB9B2AEA4D080026832F /* BackButton.swift */,
				B8D3AB9D2AEA75870026832F /* CustomTextfield.swift */,
				B8D3ABA02AEB5ED50026832F /* CustomButton.swift */,
				B8D3ABAA2AEBBD010026832F /* CustomToast.swift */,
				B8D3ABAD2AEBC7B50026832F /* CustomPopup.swift */,
				B8CB5DF52AEF494300E9558C /* CustomDisplay.swift */,
				B8CB5E042AF25B0700E9558C /* CustomCard.swift */,
				B8CB5E0B2AF4025500E9558C /* CustomBanner.swift */,
				B8CB5E0D2AF4FA6C00E9558C /* CustomBottomSheet.swift */,
				B8CB5E172AFA44B300E9558C /* CustomCell.swift */,
				B8CB5E1F2AFDF24900E9558C /* CustomSeparator.swift */,
				B86993222B0F216E00FE9DA1 /* CustomCheckoutComponent.swift */,
			);
			path = Components;
			sourceTree = "<group>";
		};
/* End PBXGroup section */

/* Begin PBXNativeTarget section */
		B879EFAA2AE64FF60009C607 /* baltini-swift */ = {
			isa = PBXNativeTarget;
			buildConfigurationList = B879EFC22AE64FF80009C607 /* Build configuration list for PBXNativeTarget "baltini-swift" */;
			buildPhases = (
				F205793503D7B26A70F77AC4 /* [CP] Check Pods Manifest.lock */,
				B879EFA72AE64FF60009C607 /* Sources */,
				B879EFA82AE64FF60009C607 /* Frameworks */,
				B879EFA92AE64FF60009C607 /* Resources */,
				3B62B1F21149A6DAF04B4C9A /* [CP] Embed Pods Frameworks */,
			);
			buildRules = (
			);
			dependencies = (
			);
			name = "baltini-swift";
			productName = "baltini-swift";
			productReference = B879EFAB2AE64FF60009C607 /* baltini-swift.app */;
			productType = "com.apple.product-type.application";
		};
/* End PBXNativeTarget section */

/* Begin PBXProject section */
		B879EFA32AE64FF60009C607 /* Project object */ = {
			isa = PBXProject;
			attributes = {
				BuildIndependentTargetsInParallel = 1;
				LastSwiftUpdateCheck = 1500;
				LastUpgradeCheck = 1500;
				TargetAttributes = {
					B879EFAA2AE64FF60009C607 = {
						CreatedOnToolsVersion = 15.0.1;
					};
				};
			};
			buildConfigurationList = B879EFA62AE64FF60009C607 /* Build configuration list for PBXProject "baltini-swift" */;
			compatibilityVersion = "Xcode 14.0";
			developmentRegion = en;
			hasScannedForEncodings = 0;
			knownRegions = (
				en,
				Base,
			);
			mainGroup = B879EFA22AE64FF60009C607;
			productRefGroup = B879EFAC2AE64FF60009C607 /* Products */;
			projectDirPath = "";
			projectRoot = "";
			targets = (
				B879EFAA2AE64FF60009C607 /* baltini-swift */,
			);
		};
/* End PBXProject section */

/* Begin PBXResourcesBuildPhase section */
		B879EFA92AE64FF60009C607 /* Resources */ = {
			isa = PBXResourcesBuildPhase;
			buildActionMask = 2147483647;
			files = (
				B879EFBE2AE64FF80009C607 /* LaunchScreen.storyboard in Resources */,
				B879EFBB2AE64FF80009C607 /* Assets.xcassets in Resources */,
				B879EFB62AE64FF60009C607 /* Main.storyboard in Resources */,
			);
			runOnlyForDeploymentPostprocessing = 0;
		};
/* End PBXResourcesBuildPhase section */

/* Begin PBXShellScriptBuildPhase section */
		3B62B1F21149A6DAF04B4C9A /* [CP] Embed Pods Frameworks */ = {
			isa = PBXShellScriptBuildPhase;
			buildActionMask = 2147483647;
			files = (
			);
			inputFileListPaths = (
				"${PODS_ROOT}/Target Support Files/Pods-baltini-swift/Pods-baltini-swift-frameworks-${CONFIGURATION}-input-files.xcfilelist",
			);
			name = "[CP] Embed Pods Frameworks";
			outputFileListPaths = (
				"${PODS_ROOT}/Target Support Files/Pods-baltini-swift/Pods-baltini-swift-frameworks-${CONFIGURATION}-output-files.xcfilelist",
			);
			runOnlyForDeploymentPostprocessing = 0;
			shellPath = /bin/sh;
			shellScript = "\"${PODS_ROOT}/Target Support Files/Pods-baltini-swift/Pods-baltini-swift-frameworks.sh\"\n";
			showEnvVarsInLog = 0;
		};
		F205793503D7B26A70F77AC4 /* [CP] Check Pods Manifest.lock */ = {
			isa = PBXShellScriptBuildPhase;
			buildActionMask = 2147483647;
			files = (
			);
			inputFileListPaths = (
			);
			inputPaths = (
				"${PODS_PODFILE_DIR_PATH}/Podfile.lock",
				"${PODS_ROOT}/Manifest.lock",
			);
			name = "[CP] Check Pods Manifest.lock";
			outputFileListPaths = (
			);
			outputPaths = (
				"$(DERIVED_FILE_DIR)/Pods-baltini-swift-checkManifestLockResult.txt",
			);
			runOnlyForDeploymentPostprocessing = 0;
			shellPath = /bin/sh;
			shellScript = "diff \"${PODS_PODFILE_DIR_PATH}/Podfile.lock\" \"${PODS_ROOT}/Manifest.lock\" > /dev/null\nif [ $? != 0 ] ; then\n    # print error to STDERR\n    echo \"error: The sandbox is not in sync with the Podfile.lock. Run 'pod install' or update your CocoaPods installation.\" >&2\n    exit 1\nfi\n# This output is used by Xcode 'outputs' to avoid re-running this script phase.\necho \"SUCCESS\" > \"${SCRIPT_OUTPUT_FILE_0}\"\n";
			showEnvVarsInLog = 0;
		};
/* End PBXShellScriptBuildPhase section */

/* Begin PBXSourcesBuildPhase section */
		B879EFA72AE64FF60009C607 /* Sources */ = {
			isa = PBXSourcesBuildPhase;
			buildActionMask = 2147483647;
			files = (
				B8CDF1B92B209AE0008795DF /* ProductTypeFilterViewController.swift in Sources */,
				B879EFB32AE64FF60009C607 /* HomeViewController.swift in Sources */,
				B8CB5E362B022A5E00E9558C /* BagsCategoryViewController.swift in Sources */,
				B8CB5DF82AEFB3D900E9558C /* EditAddressViewController.swift in Sources */,
				B8BD63882B0B0C58002E62BD /* SearchViewController.swift in Sources */,
				B8CB5E202AFDF24900E9558C /* CustomSeparator.swift in Sources */,
				B860D6FF2B1DD71C00DC7AB5 /* SizeFilterViewController.swift in Sources */,
				B8CB5E2E2B01BC2900E9558C /* ManCategoryViewController.swift in Sources */,
				B869931D2B0C6D2B00FE9DA1 /* LearnMoreViewController.swift in Sources */,
				B8CB5E082AF3410200E9558C /* ImageExtenstion.swift in Sources */,
				B879EFB92AE64FF60009C607 /* baltini_swift.xcdatamodeld in Sources */,
				B8CB5E0C2AF4025500E9558C /* CustomBanner.swift in Sources */,
				B8CB5E2C2B00D08800E9558C /* WomanCategoryViewController.swift in Sources */,
				B879EFD62AE8C5BF0009C607 /* CategoryViewController.swift in Sources */,
				B879EFD42AE7CCC50009C607 /* TabbarViewController.swift in Sources */,
				B8D3ABA12AEB5ED50026832F /* CustomButton.swift in Sources */,
				B824F9162B19C31C006FAFDF /* PriceFilterViewController.swift in Sources */,
				B8CB5E282AFE142300E9558C /* CartModel.swift in Sources */,
				B8CB5E302B02207A00E9558C /* ClothingCategoryViewController.swift in Sources */,
				B8CB5E162AFA2ACC00E9558C /* StringExtension.swift in Sources */,
				B8CB5DFD2AF0A6A800E9558C /* MyProfileViewController.swift in Sources */,
				B8761CF32B2B0115004245B7 /* RequestReturnViewController.swift in Sources */,
				B8CDF1C12B26D117008795DF /* PartnershipViewController.swift in Sources */,
				B8D3ABAE2AEBC7B50026832F /* CustomPopup.swift in Sources */,
				B8CDF1BB2B21C249008795DF /* DesignerFilterViewController.swift in Sources */,
				B879EFAF2AE64FF60009C607 /* AppDelegate.swift in Sources */,
				B86993232B0F216E00FE9DA1 /* CustomCheckoutComponent.swift in Sources */,
				B8CB5E322B022A3800E9558C /* ShoesCategoryViewController.swift in Sources */,
				B8CB5E3A2B030BCD00E9558C /* DesignerViewController.swift in Sources */,
				B8CB5E182AFA44B300E9558C /* CustomCell.swift in Sources */,
				B8CB5E2A2AFFA33400E9558C /* CartViewController.swift in Sources */,
				B879EFB12AE64FF60009C607 /* SceneDelegate.swift in Sources */,
				B8CB5E1E2AFC9AAE00E9558C /* LabelExtension.swift in Sources */,
				B869931F2B0C6D5B00FE9DA1 /* TermsConditionViewController.swift in Sources */,
				B8761CEF2B2947FF004245B7 /* AccessibilityViewController.swift in Sources */,
				B8CB5E0E2AF4FA6C00E9558C /* CustomBottomSheet.swift in Sources */,
				B8CB5E122AF9CE6A00E9558C /* ProductDetailViewController.swift in Sources */,
				B879EFD22AE6C49B0009C607 /* StaticProductDataModel.swift in Sources */,
				B86993252B10485200FE9DA1 /* ShippingViewController.swift in Sources */,
				B8CDF1C52B28316F008795DF /* ContactUsViewController.swift in Sources */,
				B879EFD82AE8C6490009C607 /* OrderViewController.swift in Sources */,
				B8D3AB9C2AEA4D080026832F /* BackButton.swift in Sources */,
				B869B7BF2AEE20D300ABB82D /* AddAddressViewController.swift in Sources */,
				B8CB5E012AF1FB3700E9558C /* ProductListViewController.swift in Sources */,
				B8CB5DF62AEF494300E9558C /* CustomDisplay.swift in Sources */,
				B86993272B14306200FE9DA1 /* PaymentViewController.swift in Sources */,
				B879EFDC2AE924470009C607 /* CommonStore.swift in Sources */,
				B8D3ABA72AEB80130026832F /* RegisterViewController.swift in Sources */,
				B8CDF1BD2B23039F008795DF /* MagazineDetailViewController.swift in Sources */,
				B8CB5E1C2AFC730F00E9558C /* SizeChartViewController.swift in Sources */,
				B86993212B0C71BF00FE9DA1 /* CheckoutViewController.swift in Sources */,
				B8CB5E222AFE006B00E9558C /* ShippingReturnViewController.swift in Sources */,
				B8D3ABA52AEB77DB0026832F /* ForgotPasswordViewController.swift in Sources */,
				B8CB5E262AFE009400E9558C /* AskQuestionViewController.swift in Sources */,
				B8CDF1C32B27091D008795DF /* HelpsViewController.swift in Sources */,
				B8CB5DFF2AF0CFE400E9558C /* ChangePasswordViewController.swift in Sources */,
				B8CB5E142AF9DF5800E9558C /* TappedArgs.swift in Sources */,
				B8CB5E052AF25B0700E9558C /* CustomCard.swift in Sources */,
				B8CDF1BF2B26C18A008795DF /* AboutBaltiniViewController.swift in Sources */,
				B8CB5DFB2AEFB40100E9558C /* AddressArgs.swift in Sources */,
				B86993292B16E07700FE9DA1 /* OrderDetailViewController.swift in Sources */,
				B879EFDA2AE8C6550009C607 /* AccountViewController.swift in Sources */,
				B8CB5E242AFE008300E9558C /* AuthenticityViewController.swift in Sources */,
				B8D3AB9E2AEA75870026832F /* CustomTextfield.swift in Sources */,
				B8CB5E382B022A7800E9558C /* AccessoriesCategoryViewController.swift in Sources */,
				B869932D2B185F8300FE9DA1 /* SortViewController.swift in Sources */,
				B869932B2B185D4D00FE9DA1 /* FilterViewController.swift in Sources */,
				B8D3AB962AEA2DA00026832F /* LoginViewController.swift in Sources */,
				B8761CF12B2ABA17004245B7 /* OrderShippingViewController.swift in Sources */,
				B8D3ABAB2AEBBD010026832F /* CustomToast.swift in Sources */,
				B869B7BD2AEE10C000ABB82D /* MyAddressViewController.swift in Sources */,
				B8BD638C2B0B68FD002E62BD /* SearchResultViewController.swift in Sources */,
				B8CB5E032AF2117B00E9558C /* Constants.swift in Sources */,
			);
			runOnlyForDeploymentPostprocessing = 0;
		};
/* End PBXSourcesBuildPhase section */

/* Begin PBXVariantGroup section */
		B879EFB42AE64FF60009C607 /* Main.storyboard */ = {
			isa = PBXVariantGroup;
			children = (
				B879EFB52AE64FF60009C607 /* Base */,
			);
			name = Main.storyboard;
			sourceTree = "<group>";
		};
		B879EFBC2AE64FF80009C607 /* LaunchScreen.storyboard */ = {
			isa = PBXVariantGroup;
			children = (
				B879EFBD2AE64FF80009C607 /* Base */,
			);
			name = LaunchScreen.storyboard;
			sourceTree = "<group>";
		};
/* End PBXVariantGroup section */

/* Begin XCBuildConfiguration section */
		B879EFC02AE64FF80009C607 /* Debug */ = {
			isa = XCBuildConfiguration;
			buildSettings = {
				ALWAYS_SEARCH_USER_PATHS = NO;
				ASSETCATALOG_COMPILER_GENERATE_SWIFT_ASSET_SYMBOL_EXTENSIONS = YES;
				CLANG_ANALYZER_NONNULL = YES;
				CLANG_ANALYZER_NUMBER_OBJECT_CONVERSION = YES_AGGRESSIVE;
				CLANG_CXX_LANGUAGE_STANDARD = "gnu++20";
				CLANG_ENABLE_MODULES = YES;
				CLANG_ENABLE_OBJC_ARC = YES;
				CLANG_ENABLE_OBJC_WEAK = YES;
				CLANG_WARN_BLOCK_CAPTURE_AUTORELEASING = YES;
				CLANG_WARN_BOOL_CONVERSION = YES;
				CLANG_WARN_COMMA = YES;
				CLANG_WARN_CONSTANT_CONVERSION = YES;
				CLANG_WARN_DEPRECATED_OBJC_IMPLEMENTATIONS = YES;
				CLANG_WARN_DIRECT_OBJC_ISA_USAGE = YES_ERROR;
				CLANG_WARN_DOCUMENTATION_COMMENTS = YES;
				CLANG_WARN_EMPTY_BODY = YES;
				CLANG_WARN_ENUM_CONVERSION = YES;
				CLANG_WARN_INFINITE_RECURSION = YES;
				CLANG_WARN_INT_CONVERSION = YES;
				CLANG_WARN_NON_LITERAL_NULL_CONVERSION = YES;
				CLANG_WARN_OBJC_IMPLICIT_RETAIN_SELF = YES;
				CLANG_WARN_OBJC_LITERAL_CONVERSION = YES;
				CLANG_WARN_OBJC_ROOT_CLASS = YES_ERROR;
				CLANG_WARN_QUOTED_INCLUDE_IN_FRAMEWORK_HEADER = YES;
				CLANG_WARN_RANGE_LOOP_ANALYSIS = YES;
				CLANG_WARN_STRICT_PROTOTYPES = YES;
				CLANG_WARN_SUSPICIOUS_MOVE = YES;
				CLANG_WARN_UNGUARDED_AVAILABILITY = YES_AGGRESSIVE;
				CLANG_WARN_UNREACHABLE_CODE = YES;
				CLANG_WARN__DUPLICATE_METHOD_MATCH = YES;
				COPY_PHASE_STRIP = NO;
				DEBUG_INFORMATION_FORMAT = dwarf;
				ENABLE_STRICT_OBJC_MSGSEND = YES;
				ENABLE_TESTABILITY = YES;
				ENABLE_USER_SCRIPT_SANDBOXING = YES;
				GCC_C_LANGUAGE_STANDARD = gnu17;
				GCC_DYNAMIC_NO_PIC = NO;
				GCC_NO_COMMON_BLOCKS = YES;
				GCC_OPTIMIZATION_LEVEL = 0;
				GCC_PREPROCESSOR_DEFINITIONS = (
					"DEBUG=1",
					"$(inherited)",
				);
				GCC_WARN_64_TO_32_BIT_CONVERSION = YES;
				GCC_WARN_ABOUT_RETURN_TYPE = YES_ERROR;
				GCC_WARN_UNDECLARED_SELECTOR = YES;
				GCC_WARN_UNINITIALIZED_AUTOS = YES_AGGRESSIVE;
				GCC_WARN_UNUSED_FUNCTION = YES;
				GCC_WARN_UNUSED_VARIABLE = YES;
				IPHONEOS_DEPLOYMENT_TARGET = 17.0;
				LOCALIZATION_PREFERS_STRING_CATALOGS = YES;
				MTL_ENABLE_DEBUG_INFO = INCLUDE_SOURCE;
				MTL_FAST_MATH = YES;
				ONLY_ACTIVE_ARCH = YES;
				SDKROOT = iphoneos;
				SWIFT_ACTIVE_COMPILATION_CONDITIONS = "DEBUG $(inherited)";
				SWIFT_OPTIMIZATION_LEVEL = "-Onone";
			};
			name = Debug;
		};
		B879EFC12AE64FF80009C607 /* Release */ = {
			isa = XCBuildConfiguration;
			buildSettings = {
				ALWAYS_SEARCH_USER_PATHS = NO;
				ASSETCATALOG_COMPILER_GENERATE_SWIFT_ASSET_SYMBOL_EXTENSIONS = YES;
				CLANG_ANALYZER_NONNULL = YES;
				CLANG_ANALYZER_NUMBER_OBJECT_CONVERSION = YES_AGGRESSIVE;
				CLANG_CXX_LANGUAGE_STANDARD = "gnu++20";
				CLANG_ENABLE_MODULES = YES;
				CLANG_ENABLE_OBJC_ARC = YES;
				CLANG_ENABLE_OBJC_WEAK = YES;
				CLANG_WARN_BLOCK_CAPTURE_AUTORELEASING = YES;
				CLANG_WARN_BOOL_CONVERSION = YES;
				CLANG_WARN_COMMA = YES;
				CLANG_WARN_CONSTANT_CONVERSION = YES;
				CLANG_WARN_DEPRECATED_OBJC_IMPLEMENTATIONS = YES;
				CLANG_WARN_DIRECT_OBJC_ISA_USAGE = YES_ERROR;
				CLANG_WARN_DOCUMENTATION_COMMENTS = YES;
				CLANG_WARN_EMPTY_BODY = YES;
				CLANG_WARN_ENUM_CONVERSION = YES;
				CLANG_WARN_INFINITE_RECURSION = YES;
				CLANG_WARN_INT_CONVERSION = YES;
				CLANG_WARN_NON_LITERAL_NULL_CONVERSION = YES;
				CLANG_WARN_OBJC_IMPLICIT_RETAIN_SELF = YES;
				CLANG_WARN_OBJC_LITERAL_CONVERSION = YES;
				CLANG_WARN_OBJC_ROOT_CLASS = YES_ERROR;
				CLANG_WARN_QUOTED_INCLUDE_IN_FRAMEWORK_HEADER = YES;
				CLANG_WARN_RANGE_LOOP_ANALYSIS = YES;
				CLANG_WARN_STRICT_PROTOTYPES = YES;
				CLANG_WARN_SUSPICIOUS_MOVE = YES;
				CLANG_WARN_UNGUARDED_AVAILABILITY = YES_AGGRESSIVE;
				CLANG_WARN_UNREACHABLE_CODE = YES;
				CLANG_WARN__DUPLICATE_METHOD_MATCH = YES;
				COPY_PHASE_STRIP = NO;
				DEBUG_INFORMATION_FORMAT = "dwarf-with-dsym";
				ENABLE_NS_ASSERTIONS = NO;
				ENABLE_STRICT_OBJC_MSGSEND = YES;
				ENABLE_USER_SCRIPT_SANDBOXING = YES;
				GCC_C_LANGUAGE_STANDARD = gnu17;
				GCC_NO_COMMON_BLOCKS = YES;
				GCC_WARN_64_TO_32_BIT_CONVERSION = YES;
				GCC_WARN_ABOUT_RETURN_TYPE = YES_ERROR;
				GCC_WARN_UNDECLARED_SELECTOR = YES;
				GCC_WARN_UNINITIALIZED_AUTOS = YES_AGGRESSIVE;
				GCC_WARN_UNUSED_FUNCTION = YES;
				GCC_WARN_UNUSED_VARIABLE = YES;
				IPHONEOS_DEPLOYMENT_TARGET = 17.0;
				LOCALIZATION_PREFERS_STRING_CATALOGS = YES;
				MTL_ENABLE_DEBUG_INFO = NO;
				MTL_FAST_MATH = YES;
				SDKROOT = iphoneos;
				SWIFT_COMPILATION_MODE = wholemodule;
				VALIDATE_PRODUCT = YES;
			};
			name = Release;
		};
		B879EFC32AE64FF80009C607 /* Debug */ = {
			isa = XCBuildConfiguration;
			baseConfigurationReference = FA17FE41525E97E9D16B6CA3 /* Pods-baltini-swift.debug.xcconfig */;
			buildSettings = {
				ASSETCATALOG_COMPILER_APPICON_NAME = AppIcon;
				ASSETCATALOG_COMPILER_GLOBAL_ACCENT_COLOR_NAME = AccentColor;
				CODE_SIGN_STYLE = Automatic;
				CURRENT_PROJECT_VERSION = 1;
				DEVELOPMENT_TEAM = "";
				ENABLE_APP_SANDBOX = YES;
				ENABLE_USER_SCRIPT_SANDBOXING = NO;
				GENERATE_INFOPLIST_FILE = YES;
				INFOPLIST_FILE = "baltini-swift/Info.plist";
				INFOPLIST_KEY_UIApplicationSupportsIndirectInputEvents = YES;
				INFOPLIST_KEY_UILaunchStoryboardName = LaunchScreen;
				INFOPLIST_KEY_UIMainStoryboardFile = Main;
				INFOPLIST_KEY_UISupportedInterfaceOrientations_iPad = "UIInterfaceOrientationPortrait UIInterfaceOrientationPortraitUpsideDown UIInterfaceOrientationLandscapeLeft UIInterfaceOrientationLandscapeRight";
				INFOPLIST_KEY_UISupportedInterfaceOrientations_iPhone = "UIInterfaceOrientationPortrait UIInterfaceOrientationLandscapeLeft UIInterfaceOrientationLandscapeRight";
				LD_RUNPATH_SEARCH_PATHS = (
					"$(inherited)",
					"@executable_path/Frameworks",
				);
				MARKETING_VERSION = 1.0;
				PRODUCT_BUNDLE_IDENTIFIER = "com.robertokreshna.baltini-swift";
				PRODUCT_NAME = "$(TARGET_NAME)";
				SWIFT_EMIT_LOC_STRINGS = YES;
				SWIFT_VERSION = 5.0;
				TARGETED_DEVICE_FAMILY = "1,2";
			};
			name = Debug;
		};
		B879EFC42AE64FF80009C607 /* Release */ = {
			isa = XCBuildConfiguration;
			baseConfigurationReference = BDFCB6EED6A5F24659F30444 /* Pods-baltini-swift.release.xcconfig */;
			buildSettings = {
				ASSETCATALOG_COMPILER_APPICON_NAME = AppIcon;
				ASSETCATALOG_COMPILER_GLOBAL_ACCENT_COLOR_NAME = AccentColor;
				CODE_SIGN_STYLE = Automatic;
				CURRENT_PROJECT_VERSION = 1;
				DEVELOPMENT_TEAM = "";
				ENABLE_APP_SANDBOX = YES;
				ENABLE_USER_SCRIPT_SANDBOXING = NO;
				GENERATE_INFOPLIST_FILE = YES;
				INFOPLIST_FILE = "baltini-swift/Info.plist";
				INFOPLIST_KEY_UIApplicationSupportsIndirectInputEvents = YES;
				INFOPLIST_KEY_UILaunchStoryboardName = LaunchScreen;
				INFOPLIST_KEY_UIMainStoryboardFile = Main;
				INFOPLIST_KEY_UISupportedInterfaceOrientations_iPad = "UIInterfaceOrientationPortrait UIInterfaceOrientationPortraitUpsideDown UIInterfaceOrientationLandscapeLeft UIInterfaceOrientationLandscapeRight";
				INFOPLIST_KEY_UISupportedInterfaceOrientations_iPhone = "UIInterfaceOrientationPortrait UIInterfaceOrientationLandscapeLeft UIInterfaceOrientationLandscapeRight";
				LD_RUNPATH_SEARCH_PATHS = (
					"$(inherited)",
					"@executable_path/Frameworks",
				);
				MARKETING_VERSION = 1.0;
				PRODUCT_BUNDLE_IDENTIFIER = "com.robertokreshna.baltini-swift";
				PRODUCT_NAME = "$(TARGET_NAME)";
				SWIFT_EMIT_LOC_STRINGS = YES;
				SWIFT_VERSION = 5.0;
				TARGETED_DEVICE_FAMILY = "1,2";
			};
			name = Release;
		};
/* End XCBuildConfiguration section */

/* Begin XCConfigurationList section */
		B879EFA62AE64FF60009C607 /* Build configuration list for PBXProject "baltini-swift" */ = {
			isa = XCConfigurationList;
			buildConfigurations = (
				B879EFC02AE64FF80009C607 /* Debug */,
				B879EFC12AE64FF80009C607 /* Release */,
			);
			defaultConfigurationIsVisible = 0;
			defaultConfigurationName = Release;
		};
		B879EFC22AE64FF80009C607 /* Build configuration list for PBXNativeTarget "baltini-swift" */ = {
			isa = XCConfigurationList;
			buildConfigurations = (
				B879EFC32AE64FF80009C607 /* Debug */,
				B879EFC42AE64FF80009C607 /* Release */,
			);
			defaultConfigurationIsVisible = 0;
			defaultConfigurationName = Release;
		};
/* End XCConfigurationList section */

/* Begin XCVersionGroup section */
		B879EFB72AE64FF60009C607 /* baltini_swift.xcdatamodeld */ = {
			isa = XCVersionGroup;
			children = (
				B879EFB82AE64FF60009C607 /* baltini_swift.xcdatamodel */,
			);
			currentVersion = B879EFB82AE64FF60009C607 /* baltini_swift.xcdatamodel */;
			path = baltini_swift.xcdatamodeld;
			sourceTree = "<group>";
			versionGroupType = wrapper.xcdatamodel;
		};
/* End XCVersionGroup section */
	};
	rootObject = B879EFA32AE64FF60009C607 /* Project object */;
}
